
Microsoft Visual Studio Solution File, Format Version 12.00
# Visual Studio Version 17
VisualStudioVersion = 17.3.32825.248
MinimumVisualStudioVersion = 10.0.40219.1
Project("{9A19103F-16F7-4668-BE54-9A1E7A4F7556}") = "webApi", "webApi.csproj", "{65656A4B-07FA-4A37-BCDB-3864D4AB4022}"
EndProject
Global
	GlobalSection(SolutionConfigurationPlatforms) = preSolution
		Debug|Any CPU = Debug|Any CPU
		Release|Any CPU = Release|Any CPU
	EndGlobalSection
	GlobalSection(ProjectConfigurationPlatforms) = postSolution
		{65656A4B-07FA-4A37-BCDB-3864D4AB4022}.Debug|Any CPU.ActiveCfg = Debug|Any CPU
		{65656A4B-07FA-4A37-BCDB-3864D4AB4022}.Debug|Any CPU.Build.0 = Debug|Any CPU
		{65656A4B-07FA-4A37-BCDB-3864D4AB4022}.Release|Any CPU.ActiveCfg = Release|Any CPU
		{65656A4B-07FA-4A37-BCDB-3864D4AB4022}.Release|Any CPU.Build.0 = Release|Any CPU
	EndGlobalSection
	GlobalSection(SolutionProperties) = preSolution
		HideSolutionNode = FALSE
	EndGlobalSection
	GlobalSection(ExtensibilityGlobals) = postSolution
		SolutionGuid = {6E12DA7C-C533-44C2-BF88-C95EC6C01CE8}
	EndGlobalSection
EndGlobal
